
Microsoft Visual Studio Solution File, Format Version 12.00
# Visual Studio Version 17
VisualStudioVersion = 17.7.34031.279
MinimumVisualStudioVersion = 10.0.40219.1
Project("{FAE04EC0-301F-11D3-BF4B-00C04F79EFBC}") = "BudgestionWPF", "BudgestionWPF\BudgestionWPF.csproj", "{0AB29755-F6CB-4D30-A129-43B3C7800ACF}"
EndProject
Global
	GlobalSection(SolutionConfigurationPlatforms) = preSolution
		Debug|Any CPU = Debug|Any CPU
		Release|Any CPU = Release|Any CPU
	EndGlobalSection
	GlobalSection(ProjectConfigurationPlatforms) = postSolution
		{0AB29755-F6CB-4D30-A129-43B3C7800ACF}.Debug|Any CPU.ActiveCfg = Debug|Any CPU
		{0AB29755-F6CB-4D30-A129-43B3C7800ACF}.Debug|Any CPU.Build.0 = Debug|Any CPU
		{0AB29755-F6CB-4D30-A129-43B3C7800ACF}.Release|Any CPU.ActiveCfg = Release|Any CPU
		{0AB29755-F6CB-4D30-A129-43B3C7800ACF}.Release|Any CPU.Build.0 = Release|Any CPU
	EndGlobalSection
	GlobalSection(SolutionProperties) = preSolution
		HideSolutionNode = FALSE
	EndGlobalSection
	GlobalSection(ExtensibilityGlobals) = postSolution
		SolutionGuid = {20C73165-3106-4992-AFFB-1F80A0575A7C}
	EndGlobalSection
EndGlobal
